
Microsoft Visual Studio Solution File, Format Version 11.00
# Visual Studio 2010
Project("{FAE04EC0-301F-11D3-BF4B-00C04F79EFBC}") = "NewRational", "NewRational\NewRational.csproj", "{397B2353-C195-469A-A235-D845777FF9FF}"
EndProject
Global
	GlobalSection(SolutionConfigurationPlatforms) = preSolution
		Debug|x64 = Debug|x64
		Debug|x86 = Debug|x86
		Release|x64 = Release|x64
		Release|x86 = Release|x86
	EndGlobalSection
	GlobalSection(ProjectConfigurationPlatforms) = postSolution
		{397B2353-C195-469A-A235-D845777FF9FF}.Debug|x64.ActiveCfg = Debug|x64
		{397B2353-C195-469A-A235-D845777FF9FF}.Debug|x64.Build.0 = Debug|x64
		{397B2353-C195-469A-A235-D845777FF9FF}.Debug|x86.ActiveCfg = Debug|x86
		{397B2353-C195-469A-A235-D845777FF9FF}.Debug|x86.Build.0 = Debug|x86
		{397B2353-C195-469A-A235-D845777FF9FF}.Release|x64.ActiveCfg = Release|x64
		{397B2353-C195-469A-A235-D845777FF9FF}.Release|x64.Build.0 = Release|x64
		{397B2353-C195-469A-A235-D845777FF9FF}.Release|x86.ActiveCfg = Release|x86
		{397B2353-C195-469A-A235-D845777FF9FF}.Release|x86.Build.0 = Release|x86
	EndGlobalSection
	GlobalSection(SolutionProperties) = preSolution
		HideSolutionNode = FALSE
	EndGlobalSection
EndGlobal
